
Microsoft Visual Studio Solution File, Format Version 12.00
# Visual Studio 15
VisualStudioVersion = 15.0.27703.2026
MinimumVisualStudioVersion = 10.0.40219.1
Project("{FAE04EC0-301F-11D3-BF4B-00C04F79EFBC}") = "Trains", "Trains\Trains.csproj", "{A8AD8C2F-D7E8-4028-BD44-B935A7EF47FE}"
EndProject
Global
	GlobalSection(SolutionConfigurationPlatforms) = preSolution
		Debug|Any CPU = Debug|Any CPU
		Release|Any CPU = Release|Any CPU
	EndGlobalSection
	GlobalSection(ProjectConfigurationPlatforms) = postSolution
		{A8AD8C2F-D7E8-4028-BD44-B935A7EF47FE}.Debug|Any CPU.ActiveCfg = Debug|Any CPU
		{A8AD8C2F-D7E8-4028-BD44-B935A7EF47FE}.Debug|Any CPU.Build.0 = Debug|Any CPU
		{A8AD8C2F-D7E8-4028-BD44-B935A7EF47FE}.Release|Any CPU.ActiveCfg = Release|Any CPU
		{A8AD8C2F-D7E8-4028-BD44-B935A7EF47FE}.Release|Any CPU.Build.0 = Release|Any CPU
	EndGlobalSection
	GlobalSection(SolutionProperties) = preSolution
		HideSolutionNode = FALSE
	EndGlobalSection
	GlobalSection(ExtensibilityGlobals) = postSolution
		SolutionGuid = {D42230B2-5B6A-4725-ADAB-5AC39977CB0F}
	EndGlobalSection
EndGlobal
