
Microsoft Visual Studio Solution File, Format Version 12.00
# Visual Studio 15
VisualStudioVersion = 15.0.27703.2035
MinimumVisualStudioVersion = 10.0.40219.1
Project("{9A19103F-16F7-4668-BE54-9A1E7A4F7556}") = "Callbacks", "Callbacks\Callbacks.csproj", "{CD34A844-D377-4E55-A801-BCCDE66B4ABF}"
EndProject
Project("{FAE04EC0-301F-11D3-BF4B-00C04F79EFBC}") = "Lambdas", "Lambdas\Lambdas.csproj", "{248C4C19-8E5F-450D-A6E5-615F3B384DE1}"
EndProject
Global
	GlobalSection(SolutionConfigurationPlatforms) = preSolution
		Debug|Any CPU = Debug|Any CPU
		Release|Any CPU = Release|Any CPU
	EndGlobalSection
	GlobalSection(ProjectConfigurationPlatforms) = postSolution
		{CD34A844-D377-4E55-A801-BCCDE66B4ABF}.Debug|Any CPU.ActiveCfg = Debug|Any CPU
		{CD34A844-D377-4E55-A801-BCCDE66B4ABF}.Debug|Any CPU.Build.0 = Debug|Any CPU
		{CD34A844-D377-4E55-A801-BCCDE66B4ABF}.Release|Any CPU.ActiveCfg = Release|Any CPU
		{CD34A844-D377-4E55-A801-BCCDE66B4ABF}.Release|Any CPU.Build.0 = Release|Any CPU
		{248C4C19-8E5F-450D-A6E5-615F3B384DE1}.Debug|Any CPU.ActiveCfg = Debug|Any CPU
		{248C4C19-8E5F-450D-A6E5-615F3B384DE1}.Debug|Any CPU.Build.0 = Debug|Any CPU
		{248C4C19-8E5F-450D-A6E5-615F3B384DE1}.Release|Any CPU.ActiveCfg = Release|Any CPU
		{248C4C19-8E5F-450D-A6E5-615F3B384DE1}.Release|Any CPU.Build.0 = Release|Any CPU
	EndGlobalSection
	GlobalSection(SolutionProperties) = preSolution
		HideSolutionNode = FALSE
	EndGlobalSection
	GlobalSection(ExtensibilityGlobals) = postSolution
		SolutionGuid = {E06E7CFC-E927-4DF2-AA17-85DCEA6BB200}
	EndGlobalSection
EndGlobal
